<?xml version="1.0" encoding="utf-8"?>
<Project ToolsVersion="4.0" xmlns="http://schemas.microsoft.com/developer/msbuild/2003">
  <ItemGroup>
    <Filter Include="源文件">
      <UniqueIdentifier>{4FC737F1-C7A5-4376-A066-2A32D752A2FF}</UniqueIdentifier>
      <Extensions>cpp;c;cc;cxx;c++;def;odl;idl;hpj;bat;asm;asmx</Extensions>
    </Filter>
    <Filter Include="头文件">
      <UniqueIdentifier>{93995380-89BD-4b04-88EB-625FBE52EBFB}</UniqueIdentifier>
      <Extensions>h;hh;hpp;hxx;h++;hm;inl;inc;ipp;xsd</Extensions>
    </Filter>
    <Filter Include="资源文件">
      <UniqueIdentifier>{67DA6AB6-F800-4c08-8B7A-83BB121AAD01}</UniqueIdentifier>
      <Extensions>rc;ico;cur;bmp;dlg;rc2;rct;bin;rgs;gif;jpg;jpeg;jpe;resx;tiff;tif;png;wav;mfcribbon-ms</Extensions>
    </Filter>
    <Filter Include="资源文件\testfile">
      <UniqueIdentifier>{a9a6d5a3-4756-454f-90f8-87653dc11e2e}</UniqueIdentifier>
    </Filter>
    <Filter Include="源文件\autoC">
      <UniqueIdentifier>{af8a50db-2fbd-4b65-bdd3-bfbc002509bd}</UniqueIdentifier>
    </Filter>
    <Filter Include="源文件\core">
      <UniqueIdentifier>{d74357c6-cc77-4014-930c-db48d76ceef7}</UniqueIdentifier>
    </Filter>
  </ItemGroup>
  <ItemGroup>
    <ClCompile Include="src\core\yf.cpp">
      <Filter>源文件\core</Filter>
    </ClCompile>
    <ClCompile Include="src\test.cpp">
      <Filter>源文件</Filter>
    </ClCompile>
    <ClCompile Include="supplement\standard.cpp">
      <Filter>资源文件</Filter>
    </ClCompile>
    <ClCompile Include="src\autoC\symb.cpp">
      <Filter>源文件\autoC</Filter>
    </ClCompile>
    <ClCompile Include="src\core\header.h">
      <Filter>头文件</Filter>
    </ClCompile>
    <ClCompile Include="src\core\cf.cpp">
      <Filter>源文件\core</Filter>
    </ClCompile>
  </ItemGroup>
  <ItemGroup>
    <ClInclude Include="resource.h">
      <Filter>头文件</Filter>
    </ClInclude>
  </ItemGroup>
  <ItemGroup>
    <Text Include="src\P0\testFile\testfile1.txt">
      <Filter>资源文件\testfile</Filter>
    </Text>
    <Text Include="src\P0\testFile\testfile2.txt">
      <Filter>资源文件\testfile</Filter>
    </Text>
    <Text Include="src\P0\testFile\testfile3.txt">
      <Filter>资源文件\testfile</Filter>
    </Text>
    <Text Include="src\P0\testFile\testfile4.txt">
      <Filter>资源文件\testfile</Filter>
    </Text>
    <Text Include="src\P0\testFile\testin1.txt">
      <Filter>资源文件\testfile</Filter>
    </Text>
    <Text Include="src\P0\testFile\testin2.txt">
      <Filter>资源文件\testfile</Filter>
    </Text>
    <Text Include="src\P0\testFile\testin3.txt">
      <Filter>资源文件\testfile</Filter>
    </Text>
    <Text Include="src\P0\testFile\testin4.txt">
      <Filter>资源文件\testfile</Filter>
    </Text>
    <Text Include="src\P0\testFile\testout1.txt">
      <Filter>资源文件\testfile</Filter>
    </Text>
    <Text Include="src\P0\testFile\testout2.txt">
      <Filter>资源文件\testfile</Filter>
    </Text>
    <Text Include="src\P0\testFile\testout3.txt">
      <Filter>资源文件\testfile</Filter>
    </Text>
    <Text Include="src\P0\testFile\testout4.txt">
      <Filter>资源文件\testfile</Filter>
    </Text>
    <Text Include="src\P1\testfile.txt">
      <Filter>资源文件</Filter>
    </Text>
    <Text Include="src\P1\output.txt">
      <Filter>资源文件</Filter>
    </Text>
  </ItemGroup>
</Project>